
Microsoft Visual Studio Solution File, Format Version 12.00
# Visual Studio 14
VisualStudioVersion = 14.0.25420.1
MinimumVisualStudioVersion = 10.0.40219.1
Project("{2150E333-8FDC-42A3-9474-1A3956D46DE8}") = "01AspnetMvcGiris", "01AspnetMvcGiris", "{67994F66-7FFF-492C-AAF0-4704A927E0E9}"
EndProject
Project("{FAE04EC0-301F-11D3-BF4B-00C04F79EFBC}") = "MvcGiris", "MvcGiris\MvcGiris.csproj", "{516DBD7F-6F58-48B2-AB3F-166A904CF37C}"
EndProject
Project("{FAE04EC0-301F-11D3-BF4B-00C04F79EFBC}") = "North", "North\North.csproj", "{9F828F18-AD48-47CD-8FCC-9416CF794676}"
EndProject
Project("{FAE04EC0-301F-11D3-BF4B-00C04F79EFBC}") = "Yonetim.UI.Web", "Yonetim.UI.Web\Yonetim.UI.Web.csproj", "{6C59F913-8CD9-402B-A7B2-A930CE57B13F}"
EndProject
Project("{2150E333-8FDC-42A3-9474-1A3956D46DE8}") = "CodeFirst-Template-Giydirme", "CodeFirst-Template-Giydirme", "{6E105EED-36C9-4928-9742-A918397FF8E8}"
EndProject
Project("{FAE04EC0-301F-11D3-BF4B-00C04F79EFBC}") = "Yonetim.Model", "Yonetim.Model\Yonetim.Model.csproj", "{17A07922-1719-4EA6-9E82-A0F704DC58C8}"
EndProject
Project("{FAE04EC0-301F-11D3-BF4B-00C04F79EFBC}") = "Yonetim.DAL", "Yonetim.DAL\Yonetim.DAL.csproj", "{F1D65D13-0D96-4EB9-91B0-7545D33E7718}"
EndProject
Project("{FAE04EC0-301F-11D3-BF4B-00C04F79EFBC}") = "Yonetim.BLL", "Yonetim.BLL\Yonetim.BLL.csproj", "{6EF200CF-303A-4B49-86A2-0AE97464E5EC}"
EndProject
Project("{FAE04EC0-301F-11D3-BF4B-00C04F79EFBC}") = "Yonetim.AdminTemaa", "Yonetim.AdminTemaa\Yonetim.AdminTemaa.csproj", "{A6DBAE1B-E599-4404-979A-991D63D1ECF1}"
EndProject
Project("{2150E333-8FDC-42A3-9474-1A3956D46DE8}") = "03AngulerJS-MVM-ASP.NetWebApi", "03AngulerJS-MVM-ASP.NetWebApi", "{4A90D260-F957-45EA-B34A-5A0D740B9D86}"
EndProject
Project("{FAE04EC0-301F-11D3-BF4B-00C04F79EFBC}") = "WebApiGiris", "WebApiGiris\WebApiGiris.csproj", "{7A8AEED1-C04D-4E4C-9CDA-B716E7D586FB}"
EndProject
Global
	GlobalSection(SolutionConfigurationPlatforms) = preSolution
		Debug|Any CPU = Debug|Any CPU
		Release|Any CPU = Release|Any CPU
	EndGlobalSection
	GlobalSection(ProjectConfigurationPlatforms) = postSolution
		{516DBD7F-6F58-48B2-AB3F-166A904CF37C}.Debug|Any CPU.ActiveCfg = Debug|Any CPU
		{516DBD7F-6F58-48B2-AB3F-166A904CF37C}.Debug|Any CPU.Build.0 = Debug|Any CPU
		{516DBD7F-6F58-48B2-AB3F-166A904CF37C}.Release|Any CPU.ActiveCfg = Release|Any CPU
		{516DBD7F-6F58-48B2-AB3F-166A904CF37C}.Release|Any CPU.Build.0 = Release|Any CPU
		{9F828F18-AD48-47CD-8FCC-9416CF794676}.Debug|Any CPU.ActiveCfg = Debug|Any CPU
		{9F828F18-AD48-47CD-8FCC-9416CF794676}.Debug|Any CPU.Build.0 = Debug|Any CPU
		{9F828F18-AD48-47CD-8FCC-9416CF794676}.Release|Any CPU.ActiveCfg = Release|Any CPU
		{9F828F18-AD48-47CD-8FCC-9416CF794676}.Release|Any CPU.Build.0 = Release|Any CPU
		{6C59F913-8CD9-402B-A7B2-A930CE57B13F}.Debug|Any CPU.ActiveCfg = Debug|Any CPU
		{6C59F913-8CD9-402B-A7B2-A930CE57B13F}.Debug|Any CPU.Build.0 = Debug|Any CPU
		{6C59F913-8CD9-402B-A7B2-A930CE57B13F}.Release|Any CPU.ActiveCfg = Release|Any CPU
		{6C59F913-8CD9-402B-A7B2-A930CE57B13F}.Release|Any CPU.Build.0 = Release|Any CPU
		{17A07922-1719-4EA6-9E82-A0F704DC58C8}.Debug|Any CPU.ActiveCfg = Debug|Any CPU
		{17A07922-1719-4EA6-9E82-A0F704DC58C8}.Debug|Any CPU.Build.0 = Debug|Any CPU
		{17A07922-1719-4EA6-9E82-A0F704DC58C8}.Release|Any CPU.ActiveCfg = Release|Any CPU
		{17A07922-1719-4EA6-9E82-A0F704DC58C8}.Release|Any CPU.Build.0 = Release|Any CPU
		{F1D65D13-0D96-4EB9-91B0-7545D33E7718}.Debug|Any CPU.ActiveCfg = Debug|Any CPU
		{F1D65D13-0D96-4EB9-91B0-7545D33E7718}.Debug|Any CPU.Build.0 = Debug|Any CPU
		{F1D65D13-0D96-4EB9-91B0-7545D33E7718}.Release|Any CPU.ActiveCfg = Release|Any CPU
		{F1D65D13-0D96-4EB9-91B0-7545D33E7718}.Release|Any CPU.Build.0 = Release|Any CPU
		{6EF200CF-303A-4B49-86A2-0AE97464E5EC}.Debug|Any CPU.ActiveCfg = Debug|Any CPU
		{6EF200CF-303A-4B49-86A2-0AE97464E5EC}.Debug|Any CPU.Build.0 = Debug|Any CPU
		{6EF200CF-303A-4B49-86A2-0AE97464E5EC}.Release|Any CPU.ActiveCfg = Release|Any CPU
		{6EF200CF-303A-4B49-86A2-0AE97464E5EC}.Release|Any CPU.Build.0 = Release|Any CPU
		{A6DBAE1B-E599-4404-979A-991D63D1ECF1}.Debug|Any CPU.ActiveCfg = Debug|Any CPU
		{A6DBAE1B-E599-4404-979A-991D63D1ECF1}.Debug|Any CPU.Build.0 = Debug|Any CPU
		{A6DBAE1B-E599-4404-979A-991D63D1ECF1}.Release|Any CPU.ActiveCfg = Release|Any CPU
		{A6DBAE1B-E599-4404-979A-991D63D1ECF1}.Release|Any CPU.Build.0 = Release|Any CPU
		{7A8AEED1-C04D-4E4C-9CDA-B716E7D586FB}.Debug|Any CPU.ActiveCfg = Debug|Any CPU
		{7A8AEED1-C04D-4E4C-9CDA-B716E7D586FB}.Debug|Any CPU.Build.0 = Debug|Any CPU
		{7A8AEED1-C04D-4E4C-9CDA-B716E7D586FB}.Release|Any CPU.ActiveCfg = Release|Any CPU
		{7A8AEED1-C04D-4E4C-9CDA-B716E7D586FB}.Release|Any CPU.Build.0 = Release|Any CPU
	EndGlobalSection
	GlobalSection(SolutionProperties) = preSolution
		HideSolutionNode = FALSE
	EndGlobalSection
	GlobalSection(NestedProjects) = preSolution
		{516DBD7F-6F58-48B2-AB3F-166A904CF37C} = {67994F66-7FFF-492C-AAF0-4704A927E0E9}
		{9F828F18-AD48-47CD-8FCC-9416CF794676} = {67994F66-7FFF-492C-AAF0-4704A927E0E9}
		{6C59F913-8CD9-402B-A7B2-A930CE57B13F} = {6E105EED-36C9-4928-9742-A918397FF8E8}
		{17A07922-1719-4EA6-9E82-A0F704DC58C8} = {6E105EED-36C9-4928-9742-A918397FF8E8}
		{F1D65D13-0D96-4EB9-91B0-7545D33E7718} = {6E105EED-36C9-4928-9742-A918397FF8E8}
		{6EF200CF-303A-4B49-86A2-0AE97464E5EC} = {6E105EED-36C9-4928-9742-A918397FF8E8}
		{A6DBAE1B-E599-4404-979A-991D63D1ECF1} = {6E105EED-36C9-4928-9742-A918397FF8E8}
		{7A8AEED1-C04D-4E4C-9CDA-B716E7D586FB} = {4A90D260-F957-45EA-B34A-5A0D740B9D86}
	EndGlobalSection
EndGlobal
